<?xml version="1.0" encoding="UTF-8" standalone="yes" ?>
<CodeBlocks_project_file>
	<FileVersion major="1" minor="6" />
	<Project>
		<Option title="JeuOne" />
		<Option pch_mode="2" />
		<Option compiler="gcc" />
		<Build>
			<Target title="Debug">
				<Option output="bin/Debug/JeuOne" prefix_auto="1" extension_auto="1" />
				<Option object_output="obj/Debug/" />
				<Option type="1" />
				<Option compiler="gcc" />
				<Compiler>
					<Add option="-g" />
					<Add directory="include" />
				</Compiler>
			</Target>
			<Target title="Release">
				<Option output="bin/Release/JeuOne" prefix_auto="1" extension_auto="1" />
				<Option object_output="obj/Release/" />
				<Option type="1" />
				<Option compiler="gcc" />
				<Compiler>
					<Add option="-O2" />
					<Add directory="include" />
				</Compiler>
				<Linker>
					<Add option="-s" />
				</Linker>
			</Target>
		</Build>
		<Compiler>
			<Add option="-Wall" />
			<Add directory="include" />
			<Add directory="C:/Program Files (x86)/CodeBlocks/SDL2-2.0.7/i686-w64-mingw32/include" />
		</Compiler>
		<Linker>
			<Add library="C:/Program Files (x86)/CodeBlocks/MinGW/lib/libmingw32.a" />
			<Add library="C:/Program Files (x86)/CodeBlocks/SDL2-2.0.7/i686-w64-mingw32/lib/libSDL2main.a" />
			<Add library="C:/Program Files (x86)/CodeBlocks/SDL2-2.0.7/i686-w64-mingw32/lib/libSDL2.dll.a" />
			<Add library="C:/Program Files (x86)/CodeBlocks/SDL2-2.0.7/i686-w64-mingw32/lib/libSDL2_image.dll.a" />
			<Add library="C:/Program Files (x86)/CodeBlocks/SDL2-2.0.7/i686-w64-mingw32/lib/libSDL2_mixer.dll.a" />
			<Add directory="C:/Program Files (x86)/CodeBlocks/SDL2-2.0.7/i686-w64-mingw32/lib" />
		</Linker>
		<Unit filename="bdd/fonctions.cpp" />
		<Unit filename="include/ALTERATIONS.h" />
		<Unit filename="include/ALTERATIONS_D.h" />
		<Unit filename="include/Alteration.h" />
		<Unit filename="include/BlocAnime.h" />
		<Unit filename="include/BlocGraphique.h" />
		<Unit filename="include/BoiteTexte.h" />
		<Unit filename="include/CAPACITES.h" />
		<Unit filename="include/CAPACITES_D.h" />
		<Unit filename="include/CARTES.h" />
		<Unit filename="include/CARTES_D.h" />
		<Unit filename="include/Capacite.h" />
		<Unit filename="include/Carte.h" />
		<Unit filename="include/Combat.h" />
		<Unit filename="include/EFFETS.h" />
		<Unit filename="include/EFFETS_D.h" />
		<Unit filename="include/EVENEMENTS.h" />
		<Unit filename="include/EVENEMENTS_D.h" />
		<Unit filename="include/Ecran_titre.h" />
		<Unit filename="include/Effet.h" />
		<Unit filename="include/ElementGraphique.h" />
		<Unit filename="include/Equipable.h" />
		<Unit filename="include/Equipe.h" />
		<Unit filename="include/Evenement.h" />
		<Unit filename="include/GRAPHISMES.h" />
		<Unit filename="include/GROUPESMONSTRES.h" />
		<Unit filename="include/GROUPESMONSTRES_D.h" />
		<Unit filename="include/Game_Over.h" />
		<Unit filename="include/GroupeCapacites.h" />
		<Unit filename="include/GroupeMonstres.h" />
		<Unit filename="include/GroupeObjets.h" />
		<Unit filename="include/HEROSS.h" />
		<Unit filename="include/HEROSS_D.h" />
		<Unit filename="include/Heros.h" />
		<Unit filename="include/Input.h" />
		<Unit filename="include/Inventaire.h" />
		<Unit filename="include/MAGASINS.h" />
		<Unit filename="include/MAGASINS_D.h" />
		<Unit filename="include/MONSTRES.h" />
		<Unit filename="include/MONSTRES_D.h" />
		<Unit filename="include/Magasin.h" />
		<Unit filename="include/Menu.h" />
		<Unit filename="include/Menu_Competences.h" />
		<Unit filename="include/Menu_Configuration.h" />
		<Unit filename="include/Menu_Equipement.h" />
		<Unit filename="include/Menu_Etat.h" />
		<Unit filename="include/Menu_Magasin.h" />
		<Unit filename="include/Menu_Objets.h" />
		<Unit filename="include/Menu_Sauver.h" />
		<Unit filename="include/Monstre.h" />
		<Unit filename="include/OBJETS.h" />
		<Unit filename="include/OBJETS_D.h" />
		<Unit filename="include/Objet.h" />
		<Unit filename="include/POLICE.h" />
		<Unit filename="include/Partie.h" />
		<Unit filename="include/Personnage.h" />
		<Unit filename="include/SCRIPTS.h" />
		<Unit filename="include/SCRIPTS_D.h" />
		<Unit filename="include/Script.h" />
		<Unit filename="include/TILESETS.h" />
		<Unit filename="include/TILESETS_D.h" />
		<Unit filename="include/Terrain.h" />
		<Unit filename="include/Tileset.h" />
		<Unit filename="include/Utilisable.h" />
		<Unit filename="include/controles.h" />
		<Unit filename="include/moteur_graphique.h" />
		<Unit filename="main.cpp" />
		<Unit filename="src/Alteration.cpp" />
		<Unit filename="src/BlocAnime.cpp" />
		<Unit filename="src/BlocGraphique.cpp" />
		<Unit filename="src/BoiteTexte.cpp" />
		<Unit filename="src/Capacite.cpp" />
		<Unit filename="src/Carte.cpp" />
		<Unit filename="src/Combat.cpp" />
		<Unit filename="src/Ecran_titre.cpp" />
		<Unit filename="src/Effet.cpp" />
		<Unit filename="src/ElementGraphique.cpp" />
		<Unit filename="src/Equipable.cpp" />
		<Unit filename="src/Equipe.cpp" />
		<Unit filename="src/Evenement.cpp" />
		<Unit filename="src/Game_Over.cpp" />
		<Unit filename="src/GroupeCapacites.cpp" />
		<Unit filename="src/GroupeMonstres.cpp" />
		<Unit filename="src/GroupeObjets.cpp" />
		<Unit filename="src/Heros.cpp" />
		<Unit filename="src/Input.cpp" />
		<Unit filename="src/Inventaire.cpp" />
		<Unit filename="src/Magasin.cpp" />
		<Unit filename="src/Menu.cpp" />
		<Unit filename="src/Menu_Competences.cpp" />
		<Unit filename="src/Menu_Configuration.cpp" />
		<Unit filename="src/Menu_Equipement.cpp" />
		<Unit filename="src/Menu_Etat.cpp" />
		<Unit filename="src/Menu_Magasin.cpp" />
		<Unit filename="src/Menu_Objets.cpp" />
		<Unit filename="src/Menu_Sauver.cpp" />
		<Unit filename="src/Monstre.cpp" />
		<Unit filename="src/Objet.cpp" />
		<Unit filename="src/Partie.cpp" />
		<Unit filename="src/Personnage.cpp" />
		<Unit filename="src/Script.cpp" />
		<Unit filename="src/Terrain.cpp" />
		<Unit filename="src/Tileset.cpp" />
		<Unit filename="src/Utilisable.cpp" />
		<Unit filename="src/controles.cpp" />
		<Unit filename="src/moteur_graphique.cpp" />
		<Extensions>
			<code_completion />
			<envvars />
			<debugger />
			<lib_finder disable_auto="1" />
			<DoxyBlocks>
				<comment_style block="0" line="0" />
				<doxyfile_project />
				<doxyfile_build />
				<doxyfile_warnings />
				<doxyfile_output />
				<doxyfile_dot />
				<general />
			</DoxyBlocks>
		</Extensions>
	</Project>
</CodeBlocks_project_file>
